
Microsoft Visual Studio Solution File, Format Version 12.00
# Visual Studio Version 16
VisualStudioVersion = 16.0.31205.134
MinimumVisualStudioVersion = 10.0.40219.1
Project("{FAE04EC0-301F-11D3-BF4B-00C04F79EFBC}") = "Crud application", "Crud application.csproj", "{D93CC0BE-EF5F-4C0B-9A88-5A2F7A964211}"
EndProject
Project("{FAE04EC0-301F-11D3-BF4B-00C04F79EFBC}") = "TestApi", "..\TestApi\TestApi.csproj", "{04ACE964-B9E5-4682-892F-CBF10E239035}"
EndProject
Global
	GlobalSection(SolutionConfigurationPlatforms) = preSolution
		Debug|Any CPU = Debug|Any CPU
		Release|Any CPU = Release|Any CPU
	EndGlobalSection
	GlobalSection(ProjectConfigurationPlatforms) = postSolution
		{D93CC0BE-EF5F-4C0B-9A88-5A2F7A964211}.Debug|Any CPU.ActiveCfg = Debug|Any CPU
		{D93CC0BE-EF5F-4C0B-9A88-5A2F7A964211}.Debug|Any CPU.Build.0 = Debug|Any CPU
		{D93CC0BE-EF5F-4C0B-9A88-5A2F7A964211}.Release|Any CPU.ActiveCfg = Release|Any CPU
		{D93CC0BE-EF5F-4C0B-9A88-5A2F7A964211}.Release|Any CPU.Build.0 = Release|Any CPU
		{04ACE964-B9E5-4682-892F-CBF10E239035}.Debug|Any CPU.ActiveCfg = Debug|Any CPU
		{04ACE964-B9E5-4682-892F-CBF10E239035}.Debug|Any CPU.Build.0 = Debug|Any CPU
		{04ACE964-B9E5-4682-892F-CBF10E239035}.Release|Any CPU.ActiveCfg = Release|Any CPU
		{04ACE964-B9E5-4682-892F-CBF10E239035}.Release|Any CPU.Build.0 = Release|Any CPU
	EndGlobalSection
	GlobalSection(SolutionProperties) = preSolution
		HideSolutionNode = FALSE
	EndGlobalSection
	GlobalSection(ExtensibilityGlobals) = postSolution
		SolutionGuid = {63A43FD2-BD42-4606-BA7A-C71472E1DC8D}
	EndGlobalSection
EndGlobal
